
Microsoft Visual Studio Solution File, Format Version 12.00
# Visual Studio Version 16
VisualStudioVersion = 16.0.31019.35
MinimumVisualStudioVersion = 10.0.40219.1
Project("{9A19103F-16F7-4668-BE54-9A1E7A4F7556}") = "Croisant_Crawler", "Croisant_Crawler.csproj", "{07D32549-C1F1-4B9E-8AE6-9F3C87244B81}"
EndProject
Global
	GlobalSection(SolutionConfigurationPlatforms) = preSolution
		Debug|Any CPU = Debug|Any CPU
		Release|Any CPU = Release|Any CPU
	EndGlobalSection
	GlobalSection(ProjectConfigurationPlatforms) = postSolution
		{07D32549-C1F1-4B9E-8AE6-9F3C87244B81}.Debug|Any CPU.ActiveCfg = Debug|Any CPU
		{07D32549-C1F1-4B9E-8AE6-9F3C87244B81}.Debug|Any CPU.Build.0 = Debug|Any CPU
		{07D32549-C1F1-4B9E-8AE6-9F3C87244B81}.Release|Any CPU.ActiveCfg = Release|Any CPU
		{07D32549-C1F1-4B9E-8AE6-9F3C87244B81}.Release|Any CPU.Build.0 = Release|Any CPU
	EndGlobalSection
	GlobalSection(SolutionProperties) = preSolution
		HideSolutionNode = FALSE
	EndGlobalSection
	GlobalSection(ExtensibilityGlobals) = postSolution
		SolutionGuid = {E140A4F1-5462-4A78-B9CB-41D1BF432D9F}
	EndGlobalSection
EndGlobal
